
Microsoft Visual Studio Solution File, Format Version 12.00
# Visual Studio Version 17
VisualStudioVersion = 17.5.002.0
MinimumVisualStudioVersion = 10.0.40219.1
Project("{9A19103F-16F7-4668-BE54-9A1E7A4F7556}") = "UiHelpAPI", "UiHelpAPI.csproj", "{50ACCD63-8463-4A82-9000-1EE1C9985F7F}"
EndProject
Global
	GlobalSection(SolutionConfigurationPlatforms) = preSolution
		Debug|Any CPU = Debug|Any CPU
		Release|Any CPU = Release|Any CPU
	EndGlobalSection
	GlobalSection(ProjectConfigurationPlatforms) = postSolution
		{50ACCD63-8463-4A82-9000-1EE1C9985F7F}.Debug|Any CPU.ActiveCfg = Debug|Any CPU
		{50ACCD63-8463-4A82-9000-1EE1C9985F7F}.Debug|Any CPU.Build.0 = Debug|Any CPU
		{50ACCD63-8463-4A82-9000-1EE1C9985F7F}.Release|Any CPU.ActiveCfg = Release|Any CPU
		{50ACCD63-8463-4A82-9000-1EE1C9985F7F}.Release|Any CPU.Build.0 = Release|Any CPU
	EndGlobalSection
	GlobalSection(SolutionProperties) = preSolution
		HideSolutionNode = FALSE
	EndGlobalSection
	GlobalSection(ExtensibilityGlobals) = postSolution
		SolutionGuid = {A5F60510-E399-48C4-A03E-0BE58B86804D}
	EndGlobalSection
EndGlobal
